
Microsoft Visual Studio Solution File, Format Version 12.00
# Visual Studio Version 16
VisualStudioVersion = 25.0.1706.4
MinimumVisualStudioVersion = 10.0.40219.1
Project("{FAE04EC0-301F-11D3-BF4B-00C04F79EFBC}") = "GeoService", "GeoService\GeoService.csproj", "{75724D94-3615-4AA6-91DF-67FE4BEC23F3}"
EndProject
Global
	GlobalSection(SolutionConfigurationPlatforms) = preSolution
		Debug|Any CPU = Debug|Any CPU
		Release|Any CPU = Release|Any CPU
	EndGlobalSection
	GlobalSection(ProjectConfigurationPlatforms) = postSolution
		{75724D94-3615-4AA6-91DF-67FE4BEC23F3}.Debug|Any CPU.ActiveCfg = Debug|Any CPU
		{75724D94-3615-4AA6-91DF-67FE4BEC23F3}.Debug|Any CPU.Build.0 = Debug|Any CPU
		{75724D94-3615-4AA6-91DF-67FE4BEC23F3}.Release|Any CPU.ActiveCfg = Release|Any CPU
		{75724D94-3615-4AA6-91DF-67FE4BEC23F3}.Release|Any CPU.Build.0 = Release|Any CPU
	EndGlobalSection
	GlobalSection(SolutionProperties) = preSolution
		HideSolutionNode = FALSE
	EndGlobalSection
	GlobalSection(ExtensibilityGlobals) = postSolution
		SolutionGuid = {218DE2A2-023A-446A-B678-089CAB123308}
	EndGlobalSection
EndGlobal
